// !$*UTF8*$!
{
	archiveVersion = 1;
	classes = {
	};
	objectVersion = 56;
	objects = {

/* Begin PBXBuildFile section */
		4B5DB600299DC90200104E9A /* AppDelegate.swift in Sources */ = {isa = PBXBuildFile; fileRef = 4B5DB5FF299DC90200104E9A /* AppDelegate.swift */; };
		4B5DB602299DC90200104E9A /* SceneDelegate.swift in Sources */ = {isa = PBXBuildFile; fileRef = 4B5DB601299DC90200104E9A /* SceneDelegate.swift */; };
		4B5DB604299DC90200104E9A /* ViewController.swift in Sources */ = {isa = PBXBuildFile; fileRef = 4B5DB603299DC90200104E9A /* ViewController.swift */; };
		4B5DB607299DC90200104E9A /* Main.storyboard in Resources */ = {isa = PBXBuildFile; fileRef = 4B5DB605299DC90200104E9A /* Main.storyboard */; };
		4B5DB60A299DC90200104E9A /* UserDefaultsWithAppGroup.xcdatamodeld in Sources */ = {isa = PBXBuildFile; fileRef = 4B5DB608299DC90200104E9A /* UserDefaultsWithAppGroup.xcdatamodeld */; };
		4B5DB60C299DC90300104E9A /* Assets.xcassets in Resources */ = {isa = PBXBuildFile; fileRef = 4B5DB60B299DC90300104E9A /* Assets.xcassets */; };
		4B5DB60F299DC90300104E9A /* LaunchScreen.storyboard in Resources */ = {isa = PBXBuildFile; fileRef = 4B5DB60D299DC90300104E9A /* LaunchScreen.storyboard */; };
		4B5DB61A299DCA4C00104E9A /* UserDefaults+Extensions.swift in Sources */ = {isa = PBXBuildFile; fileRef = 4B5DB619299DCA4C00104E9A /* UserDefaults+Extensions.swift */; };
/* End PBXBuildFile section */

/* Begin PBXFileReference section */
		4B5DB5FC299DC90200104E9A /* UserDefaultsWithAppGroup.app */ = {isa = PBXFileReference; explicitFileType = wrapper.application; includeInIndex = 0; path = UserDefaultsWithAppGroup.app; sourceTree = BUILT_PRODUCTS_DIR; };
		4B5DB5FF299DC90200104E9A /* AppDelegate.swift */ = {isa = PBXFileReference; lastKnownFileType = sourcecode.swift; path = AppDelegate.swift; sourceTree = "<group>"; };
		4B5DB601299DC90200104E9A /* SceneDelegate.swift */ = {isa = PBXFileReference; lastKnownFileType = sourcecode.swift; path = SceneDelegate.swift; sourceTree = "<group>"; };
		4B5DB603299DC90200104E9A /* ViewController.swift */ = {isa = PBXFileReference; lastKnownFileType = sourcecode.swift; path = ViewController.swift; sourceTree = "<group>"; };
		4B5DB606299DC90200104E9A /* Base */ = {isa = PBXFileReference; lastKnownFileType = file.storyboard; name = Base; path = Base.lproj/Main.storyboard; sourceTree = "<group>"; };
		4B5DB609299DC90200104E9A /* UserDefaultsWithAppGroup.xcdatamodel */ = {isa = PBXFileReference; lastKnownFileType = wrapper.xcdatamodel; path = UserDefaultsWithAppGroup.xcdatamodel; sourceTree = "<group>"; };
		4B5DB60B299DC90300104E9A /* Assets.xcassets */ = {isa = PBXFileReference; lastKnownFileType = folder.assetcatalog; path = Assets.xcassets; sourceTree = "<group>"; };
		4B5DB60E299DC90300104E9A /* Base */ = {isa = PBXFileReference; lastKnownFileType = file.storyboard; name = Base; path = Base.lproj/LaunchScreen.storyboard; sourceTree = "<group>"; };
		4B5DB610299DC90300104E9A /* Info.plist */ = {isa = PBXFileReference; lastKnownFileType = text.plist.xml; path = Info.plist; sourceTree = "<group>"; };
		4B5DB616299DC95C00104E9A /* UserDefaultsWithAppGroup.entitlements */ = {isa = PBXFileReference; lastKnownFileType = text.plist.entitlements; path = UserDefaultsWithAppGroup.entitlements; sourceTree = "<group>"; };
		4B5DB619299DCA4C00104E9A /* UserDefaults+Extensions.swift */ = {isa = PBXFileReference; lastKnownFileType = sourcecode.swift; path = "UserDefaults+Extensions.swift"; sourceTree = "<group>"; };
		4B5DB61B299E74AE00104E9A /* README.md */ = {isa = PBXFileReference; lastKnownFileType = net.daringfireball.markdown; path = README.md; sourceTree = "<group>"; };
/* End PBXFileReference section */

/* Begin PBXFrameworksBuildPhase section */
		4B5DB5F9299DC90200104E9A /* Frameworks */ = {
			isa = PBXFrameworksBuildPhase;
			buildActionMask = 2147483647;
			files = (
			);
			runOnlyForDeploymentPostprocessing = 0;
		};
/* End PBXFrameworksBuildPhase section */

/* Begin PBXGroup section */
		4B5DB5F3299DC90200104E9A = {
			isa = PBXGroup;
			children = (
				4B5DB61B299E74AE00104E9A /* README.md */,
				4B5DB5FE299DC90200104E9A /* UserDefaultsWithAppGroup */,
				4B5DB5FD299DC90200104E9A /* Products */,
			);
			sourceTree = "<group>";
		};
		4B5DB5FD299DC90200104E9A /* Products */ = {
			isa = PBXGroup;
			children = (
				4B5DB5FC299DC90200104E9A /* UserDefaultsWithAppGroup.app */,
			);
			name = Products;
			sourceTree = "<group>";
		};
		4B5DB5FE299DC90200104E9A /* UserDefaultsWithAppGroup */ = {
			isa = PBXGroup;
			children = (
				4B5DB616299DC95C00104E9A /* UserDefaultsWithAppGroup.entitlements */,
				4B5DB5FF299DC90200104E9A /* AppDelegate.swift */,
				4B5DB601299DC90200104E9A /* SceneDelegate.swift */,
				4B5DB619299DCA4C00104E9A /* UserDefaults+Extensions.swift */,
				4B5DB603299DC90200104E9A /* ViewController.swift */,
				4B5DB605299DC90200104E9A /* Main.storyboard */,
				4B5DB60B299DC90300104E9A /* Assets.xcassets */,
				4B5DB60D299DC90300104E9A /* LaunchScreen.storyboard */,
				4B5DB610299DC90300104E9A /* Info.plist */,
				4B5DB608299DC90200104E9A /* UserDefaultsWithAppGroup.xcdatamodeld */,
			);
			path = UserDefaultsWithAppGroup;
			sourceTree = "<group>";
		};
/* End PBXGroup section */

/* Begin PBXNativeTarget section */
		4B5DB5FB299DC90200104E9A /* UserDefaultsWithAppGroup */ = {
			isa = PBXNativeTarget;
			buildConfigurationList = 4B5DB613299DC90300104E9A /* Build configuration list for PBXNativeTarget "UserDefaultsWithAppGroup" */;
			buildPhases = (
				4B5DB5F8299DC90200104E9A /* Sources */,
				4B5DB5F9299DC90200104E9A /* Frameworks */,
				4B5DB5FA299DC90200104E9A /* Resources */,
			);
			buildRules = (
			);
			dependencies = (
			);
			name = UserDefaultsWithAppGroup;
			productName = UserDefaultsWithAppGroup;
			productReference = 4B5DB5FC299DC90200104E9A /* UserDefaultsWithAppGroup.app */;
			productType = "com.apple.product-type.application";
		};
/* End PBXNativeTarget section */

/* Begin PBXProject section */
		4B5DB5F4299DC90200104E9A /* Project object */ = {
			isa = PBXProject;
			attributes = {
				BuildIndependentTargetsInParallel = 1;
				LastSwiftUpdateCheck = 1420;
				LastUpgradeCheck = 1420;
				TargetAttributes = {
					4B5DB5FB299DC90200104E9A = {
						CreatedOnToolsVersion = 14.2;
					};
				};
			};
			buildConfigurationList = 4B5DB5F7299DC90200104E9A /* Build configuration list for PBXProject "UserDefaultsWithAppGroup" */;
			compatibilityVersion = "Xcode 14.0";
			developmentRegion = en;
			hasScannedForEncodings = 0;
			knownRegions = (
				en,
				Base,
			);
			mainGroup = 4B5DB5F3299DC90200104E9A;
			productRefGroup = 4B5DB5FD299DC90200104E9A /* Products */;
			projectDirPath = "";
			projectRoot = "";
			targets = (
				4B5DB5FB299DC90200104E9A /* UserDefaultsWithAppGroup */,
			);
		};
/* End PBXProject section */

/* Begin PBXResourcesBuildPhase section */
		4B5DB5FA299DC90200104E9A /* Resources */ = {
			isa = PBXResourcesBuildPhase;
			buildActionMask = 2147483647;
			files = (
				4B5DB60F299DC90300104E9A /* LaunchScreen.storyboard in Resources */,
				4B5DB60C299DC90300104E9A /* Assets.xcassets in Resources */,
				4B5DB607299DC90200104E9A /* Main.storyboard in Resources */,
			);
			runOnlyForDeploymentPostprocessing = 0;
		};
/* End PBXResourcesBuildPhase section */

/* Begin PBXSourcesBuildPhase section */
		4B5DB5F8299DC90200104E9A /* Sources */ = {
			isa = PBXSourcesBuildPhase;
			buildActionMask = 2147483647;
			files = (
				4B5DB604299DC90200104E9A /* ViewController.swift in Sources */,
				4B5DB600299DC90200104E9A /* AppDelegate.swift in Sources */,
				4B5DB60A299DC90200104E9A /* UserDefaultsWithAppGroup.xcdatamodeld in Sources */,
				4B5DB61A299DCA4C00104E9A /* UserDefaults+Extensions.swift in Sources */,
				4B5DB602299DC90200104E9A /* SceneDelegate.swift in Sources */,
			);
			runOnlyForDeploymentPostprocessing = 0;
		};
/* End PBXSourcesBuildPhase section */

/* Begin PBXVariantGroup section */
		4B5DB605299DC90200104E9A /* Main.storyboard */ = {
			isa = PBXVariantGroup;
			children = (
				4B5DB606299DC90200104E9A /* Base */,
			);
			name = Main.storyboard;
			sourceTree = "<group>";
		};
		4B5DB60D299DC90300104E9A /* LaunchScreen.storyboard */ = {
			isa = PBXVariantGroup;
			children = (
				4B5DB60E299DC90300104E9A /* Base */,
			);
			name = LaunchScreen.storyboard;
			sourceTree = "<group>";
		};
/* End PBXVariantGroup section */

/* Begin XCBuildConfiguration section */
		4B5DB611299DC90300104E9A /* Debug */ = {
			isa = XCBuildConfiguration;
			buildSettings = {
				ALWAYS_SEARCH_USER_PATHS = NO;
				CLANG_ANALYZER_NONNULL = YES;
				CLANG_ANALYZER_NUMBER_OBJECT_CONVERSION = YES_AGGRESSIVE;
				CLANG_CXX_LANGUAGE_STANDARD = "gnu++20";
				CLANG_ENABLE_MODULES = YES;
				CLANG_ENABLE_OBJC_ARC = YES;
				CLANG_ENABLE_OBJC_WEAK = YES;
				CLANG_WARN_BLOCK_CAPTURE_AUTORELEASING = YES;
				CLANG_WARN_BOOL_CONVERSION = YES;
				CLANG_WARN_COMMA = YES;
				CLANG_WARN_CONSTANT_CONVERSION = YES;
				CLANG_WARN_DEPRECATED_OBJC_IMPLEMENTATIONS = YES;
				CLANG_WARN_DIRECT_OBJC_ISA_USAGE = YES_ERROR;
				CLANG_WARN_DOCUMENTATION_COMMENTS = YES;
				CLANG_WARN_EMPTY_BODY = YES;
				CLANG_WARN_ENUM_CONVERSION = YES;
				CLANG_WARN_INFINITE_RECURSION = YES;
				CLANG_WARN_INT_CONVERSION = YES;
				CLANG_WARN_NON_LITERAL_NULL_CONVERSION = YES;
				CLANG_WARN_OBJC_IMPLICIT_RETAIN_SELF = YES;
				CLANG_WARN_OBJC_LITERAL_CONVERSION = YES;
				CLANG_WARN_OBJC_ROOT_CLASS = YES_ERROR;
				CLANG_WARN_QUOTED_INCLUDE_IN_FRAMEWORK_HEADER = YES;
				CLANG_WARN_RANGE_LOOP_ANALYSIS = YES;
				CLANG_WARN_STRICT_PROTOTYPES = YES;
				CLANG_WARN_SUSPICIOUS_MOVE = YES;
				CLANG_WARN_UNGUARDED_AVAILABILITY = YES_AGGRESSIVE;
				CLANG_WARN_UNREACHABLE_CODE = YES;
				CLANG_WARN__DUPLICATE_METHOD_MATCH = YES;
				COPY_PHASE_STRIP = NO;
				DEBUG_INFORMATION_FORMAT = dwarf;
				ENABLE_STRICT_OBJC_MSGSEND = YES;
				ENABLE_TESTABILITY = YES;
				GCC_C_LANGUAGE_STANDARD = gnu11;
				GCC_DYNAMIC_NO_PIC = NO;
				GCC_NO_COMMON_BLOCKS = YES;
				GCC_OPTIMIZATION_LEVEL = 0;
				GCC_PREPROCESSOR_DEFINITIONS = (
					"DEBUG=1",
					"$(inherited)",
				);
				GCC_WARN_64_TO_32_BIT_CONVERSION = YES;
				GCC_WARN_ABOUT_RETURN_TYPE = YES_ERROR;
				GCC_WARN_UNDECLARED_SELECTOR = YES;
				GCC_WARN_UNINITIALIZED_AUTOS = YES_AGGRESSIVE;
				GCC_WARN_UNUSED_FUNCTION = YES;
				GCC_WARN_UNUSED_VARIABLE = YES;
				IPHONEOS_DEPLOYMENT_TARGET = 16.2;
				MTL_ENABLE_DEBUG_INFO = INCLUDE_SOURCE;
				MTL_FAST_MATH = YES;
				ONLY_ACTIVE_ARCH = YES;
				SDKROOT = iphoneos;
				SWIFT_ACTIVE_COMPILATION_CONDITIONS = DEBUG;
				SWIFT_OPTIMIZATION_LEVEL = "-Onone";
			};
			name = Debug;
		};
		4B5DB612299DC90300104E9A /* Release */ = {
			isa = XCBuildConfiguration;
			buildSettings = {
				ALWAYS_SEARCH_USER_PATHS = NO;
				CLANG_ANALYZER_NONNULL = YES;
				CLANG_ANALYZER_NUMBER_OBJECT_CONVERSION = YES_AGGRESSIVE;
				CLANG_CXX_LANGUAGE_STANDARD = "gnu++20";
				CLANG_ENABLE_MODULES = YES;
				CLANG_ENABLE_OBJC_ARC = YES;
				CLANG_ENABLE_OBJC_WEAK = YES;
				CLANG_WARN_BLOCK_CAPTURE_AUTORELEASING = YES;
				CLANG_WARN_BOOL_CONVERSION = YES;
				CLANG_WARN_COMMA = YES;
				CLANG_WARN_CONSTANT_CONVERSION = YES;
				CLANG_WARN_DEPRECATED_OBJC_IMPLEMENTATIONS = YES;
				CLANG_WARN_DIRECT_OBJC_ISA_USAGE = YES_ERROR;
				CLANG_WARN_DOCUMENTATION_COMMENTS = YES;
				CLANG_WARN_EMPTY_BODY = YES;
				CLANG_WARN_ENUM_CONVERSION = YES;
				CLANG_WARN_INFINITE_RECURSION = YES;
				CLANG_WARN_INT_CONVERSION = YES;
				CLANG_WARN_NON_LITERAL_NULL_CONVERSION = YES;
				CLANG_WARN_OBJC_IMPLICIT_RETAIN_SELF = YES;
				CLANG_WARN_OBJC_LITERAL_CONVERSION = YES;
				CLANG_WARN_OBJC_ROOT_CLASS = YES_ERROR;
				CLANG_WARN_QUOTED_INCLUDE_IN_FRAMEWORK_HEADER = YES;
				CLANG_WARN_RANGE_LOOP_ANALYSIS = YES;
				CLANG_WARN_STRICT_PROTOTYPES = YES;
				CLANG_WARN_SUSPICIOUS_MOVE = YES;
				CLANG_WARN_UNGUARDED_AVAILABILITY = YES_AGGRESSIVE;
				CLANG_WARN_UNREACHABLE_CODE = YES;
				CLANG_WARN__DUPLICATE_METHOD_MATCH = YES;
				COPY_PHASE_STRIP = NO;
				DEBUG_INFORMATION_FORMAT = "dwarf-with-dsym";
				ENABLE_NS_ASSERTIONS = NO;
				ENABLE_STRICT_OBJC_MSGSEND = YES;
				GCC_C_LANGUAGE_STANDARD = gnu11;
				GCC_NO_COMMON_BLOCKS = YES;
				GCC_WARN_64_TO_32_BIT_CONVERSION = YES;
				GCC_WARN_ABOUT_RETURN_TYPE = YES_ERROR;
				GCC_WARN_UNDECLARED_SELECTOR = YES;
				GCC_WARN_UNINITIALIZED_AUTOS = YES_AGGRESSIVE;
				GCC_WARN_UNUSED_FUNCTION = YES;
				GCC_WARN_UNUSED_VARIABLE = YES;
				IPHONEOS_DEPLOYMENT_TARGET = 16.2;
				MTL_ENABLE_DEBUG_INFO = NO;
				MTL_FAST_MATH = YES;
				SDKROOT = iphoneos;
				SWIFT_COMPILATION_MODE = wholemodule;
				SWIFT_OPTIMIZATION_LEVEL = "-O";
				VALIDATE_PRODUCT = YES;
			};
			name = Release;
		};
		4B5DB614299DC90300104E9A /* Debug */ = {
			isa = XCBuildConfiguration;
			buildSettings = {
				ASSETCATALOG_COMPILER_APPICON_NAME = AppIcon;
				ASSETCATALOG_COMPILER_GLOBAL_ACCENT_COLOR_NAME = AccentColor;
				CODE_SIGN_ENTITLEMENTS = UserDefaultsWithAppGroup/UserDefaultsWithAppGroup.entitlements;
				CODE_SIGN_STYLE = Automatic;
				CURRENT_PROJECT_VERSION = 1;
				DEVELOPMENT_TEAM = UEQ95NQCUE;
				GENERATE_INFOPLIST_FILE = YES;
				INFOPLIST_FILE = UserDefaultsWithAppGroup/Info.plist;
				INFOPLIST_KEY_UIApplicationSupportsIndirectInputEvents = YES;
				INFOPLIST_KEY_UILaunchStoryboardName = LaunchScreen;
				INFOPLIST_KEY_UIMainStoryboardFile = Main;
				INFOPLIST_KEY_UISupportedInterfaceOrientations_iPad = "UIInterfaceOrientationPortrait UIInterfaceOrientationPortraitUpsideDown UIInterfaceOrientationLandscapeLeft UIInterfaceOrientationLandscapeRight";
				INFOPLIST_KEY_UISupportedInterfaceOrientations_iPhone = "UIInterfaceOrientationPortrait UIInterfaceOrientationLandscapeLeft UIInterfaceOrientationLandscapeRight";
				LD_RUNPATH_SEARCH_PATHS = (
					"$(inherited)",
					"@executable_path/Frameworks",
				);
				MARKETING_VERSION = 1.0;
				PRODUCT_BUNDLE_IDENTIFIER = com.gopal.dev.UserDefaultsWithAppGroup;
				PRODUCT_NAME = "$(TARGET_NAME)";
				SWIFT_EMIT_LOC_STRINGS = YES;
				SWIFT_VERSION = 5.0;
				TARGETED_DEVICE_FAMILY = "1,2";
			};
			name = Debug;
		};
		4B5DB615299DC90300104E9A /* Release */ = {
			isa = XCBuildConfiguration;
			buildSettings = {
				ASSETCATALOG_COMPILER_APPICON_NAME = AppIcon;
				ASSETCATALOG_COMPILER_GLOBAL_ACCENT_COLOR_NAME = AccentColor;
				CODE_SIGN_ENTITLEMENTS = UserDefaultsWithAppGroup/UserDefaultsWithAppGroup.entitlements;
				CODE_SIGN_STYLE = Automatic;
				CURRENT_PROJECT_VERSION = 1;
				DEVELOPMENT_TEAM = UEQ95NQCUE;
				GENERATE_INFOPLIST_FILE = YES;
				INFOPLIST_FILE = UserDefaultsWithAppGroup/Info.plist;
				INFOPLIST_KEY_UIApplicationSupportsIndirectInputEvents = YES;
				INFOPLIST_KEY_UILaunchStoryboardName = LaunchScreen;
				INFOPLIST_KEY_UIMainStoryboardFile = Main;
				INFOPLIST_KEY_UISupportedInterfaceOrientations_iPad = "UIInterfaceOrientationPortrait UIInterfaceOrientationPortraitUpsideDown UIInterfaceOrientationLandscapeLeft UIInterfaceOrientationLandscapeRight";
				INFOPLIST_KEY_UISupportedInterfaceOrientations_iPhone = "UIInterfaceOrientationPortrait UIInterfaceOrientationLandscapeLeft UIInterfaceOrientationLandscapeRight";
				LD_RUNPATH_SEARCH_PATHS = (
					"$(inherited)",
					"@executable_path/Frameworks",
				);
				MARKETING_VERSION = 1.0;
				PRODUCT_BUNDLE_IDENTIFIER = com.gopal.dev.UserDefaultsWithAppGroup;
				PRODUCT_NAME = "$(TARGET_NAME)";
				SWIFT_EMIT_LOC_STRINGS = YES;
				SWIFT_VERSION = 5.0;
				TARGETED_DEVICE_FAMILY = "1,2";
			};
			name = Release;
		};
/* End XCBuildConfiguration section */

/* Begin XCConfigurationList section */
		4B5DB5F7299DC90200104E9A /* Build configuration list for PBXProject "UserDefaultsWithAppGroup" */ = {
			isa = XCConfigurationList;
			buildConfigurations = (
				4B5DB611299DC90300104E9A /* Debug */,
				4B5DB612299DC90300104E9A /* Release */,
			);
			defaultConfigurationIsVisible = 0;
			defaultConfigurationName = Release;
		};
		4B5DB613299DC90300104E9A /* Build configuration list for PBXNativeTarget "UserDefaultsWithAppGroup" */ = {
			isa = XCConfigurationList;
			buildConfigurations = (
				4B5DB614299DC90300104E9A /* Debug */,
				4B5DB615299DC90300104E9A /* Release */,
			);
			defaultConfigurationIsVisible = 0;
			defaultConfigurationName = Release;
		};
/* End XCConfigurationList section */

/* Begin XCVersionGroup section */
		4B5DB608299DC90200104E9A /* UserDefaultsWithAppGroup.xcdatamodeld */ = {
			isa = XCVersionGroup;
			children = (
				4B5DB609299DC90200104E9A /* UserDefaultsWithAppGroup.xcdatamodel */,
			);
			currentVersion = 4B5DB609299DC90200104E9A /* UserDefaultsWithAppGroup.xcdatamodel */;
			path = UserDefaultsWithAppGroup.xcdatamodeld;
			sourceTree = "<group>";
			versionGroupType = wrapper.xcdatamodel;
		};
/* End XCVersionGroup section */
	};
	rootObject = 4B5DB5F4299DC90200104E9A /* Project object */;
}
