// !$*UTF8*$!
{
	archiveVersion = 1;
	classes = {
	};
	objectVersion = 56;
	objects = {

/* Begin PBXBuildFile section */
		4BD707E5296E059700C2F962 /* iOS_ConcurrencyApp.swift in Sources */ = {isa = PBXBuildFile; fileRef = 4BD707E4296E059700C2F962 /* iOS_ConcurrencyApp.swift */; };
		4BD707E7296E059700C2F962 /* UsersListView.swift in Sources */ = {isa = PBXBuildFile; fileRef = 4BD707E6296E059700C2F962 /* UsersListView.swift */; };
		4BD707E9296E059800C2F962 /* Assets.xcassets in Resources */ = {isa = PBXBuildFile; fileRef = 4BD707E8296E059800C2F962 /* Assets.xcassets */; };
		4BD707EC296E059800C2F962 /* Preview Assets.xcassets in Resources */ = {isa = PBXBuildFile; fileRef = 4BD707EB296E059800C2F962 /* Preview Assets.xcassets */; };
		4BD707F6296E08F800C2F962 /* User.swift in Sources */ = {isa = PBXBuildFile; fileRef = 4BD707F5296E08F800C2F962 /* User.swift */; };
		4BD707F8296E097100C2F962 /* Post.swift in Sources */ = {isa = PBXBuildFile; fileRef = 4BD707F7296E097100C2F962 /* Post.swift */; };
		4BD707FB296E0A8F00C2F962 /* APIService.swift in Sources */ = {isa = PBXBuildFile; fileRef = 4BD707FA296E0A8F00C2F962 /* APIService.swift */; };
		4BD707FF296E1A2B00C2F962 /* UsersListViewModel.swift in Sources */ = {isa = PBXBuildFile; fileRef = 4BD707FE296E1A2B00C2F962 /* UsersListViewModel.swift */; };
		4BD70801296E1CCC00C2F962 /* Users.json in Resources */ = {isa = PBXBuildFile; fileRef = 4BD70800296E1CCC00C2F962 /* Users.json */; };
		4BD70803296E1CEE00C2F962 /* Posts.json in Resources */ = {isa = PBXBuildFile; fileRef = 4BD70802296E1CEE00C2F962 /* Posts.json */; };
		4BD70806296E1DD500C2F962 /* Bundle+Extension.swift in Sources */ = {isa = PBXBuildFile; fileRef = 4BD70805296E1DD500C2F962 /* Bundle+Extension.swift */; };
		4BD70808296E1F3C00C2F962 /* MockData.swift in Sources */ = {isa = PBXBuildFile; fileRef = 4BD70807296E1F3C00C2F962 /* MockData.swift */; };
		4BD7080A296E21B700C2F962 /* PostsListViewModel.swift in Sources */ = {isa = PBXBuildFile; fileRef = 4BD70809296E21B700C2F962 /* PostsListViewModel.swift */; };
		4BD7080E296E229100C2F962 /* PostsListView.swift in Sources */ = {isa = PBXBuildFile; fileRef = 4BD7080D296E229100C2F962 /* PostsListView.swift */; };
		4BD70810296F528F00C2F962 /* UserAndPosts.swift in Sources */ = {isa = PBXBuildFile; fileRef = 4BD7080F296F528F00C2F962 /* UserAndPosts.swift */; };
/* End PBXBuildFile section */

/* Begin PBXFileReference section */
		4BD707E1296E059700C2F962 /* iOS Concurrency.app */ = {isa = PBXFileReference; explicitFileType = wrapper.application; includeInIndex = 0; path = "iOS Concurrency.app"; sourceTree = BUILT_PRODUCTS_DIR; };
		4BD707E4296E059700C2F962 /* iOS_ConcurrencyApp.swift */ = {isa = PBXFileReference; lastKnownFileType = sourcecode.swift; path = iOS_ConcurrencyApp.swift; sourceTree = "<group>"; };
		4BD707E6296E059700C2F962 /* UsersListView.swift */ = {isa = PBXFileReference; lastKnownFileType = sourcecode.swift; path = UsersListView.swift; sourceTree = "<group>"; };
		4BD707E8296E059800C2F962 /* Assets.xcassets */ = {isa = PBXFileReference; lastKnownFileType = folder.assetcatalog; path = Assets.xcassets; sourceTree = "<group>"; };
		4BD707EB296E059800C2F962 /* Preview Assets.xcassets */ = {isa = PBXFileReference; lastKnownFileType = folder.assetcatalog; path = "Preview Assets.xcassets"; sourceTree = "<group>"; };
		4BD707F2296E05AF00C2F962 /* README.md */ = {isa = PBXFileReference; lastKnownFileType = net.daringfireball.markdown; path = README.md; sourceTree = "<group>"; };
		4BD707F3296E072100C2F962 /* iOS-Concurrency-Info.plist */ = {isa = PBXFileReference; lastKnownFileType = text.plist; path = "iOS-Concurrency-Info.plist"; sourceTree = SOURCE_ROOT; };
		4BD707F5296E08F800C2F962 /* User.swift */ = {isa = PBXFileReference; lastKnownFileType = sourcecode.swift; path = User.swift; sourceTree = "<group>"; };
		4BD707F7296E097100C2F962 /* Post.swift */ = {isa = PBXFileReference; lastKnownFileType = sourcecode.swift; path = Post.swift; sourceTree = "<group>"; };
		4BD707FA296E0A8F00C2F962 /* APIService.swift */ = {isa = PBXFileReference; lastKnownFileType = sourcecode.swift; path = APIService.swift; sourceTree = "<group>"; };
		4BD707FE296E1A2B00C2F962 /* UsersListViewModel.swift */ = {isa = PBXFileReference; lastKnownFileType = sourcecode.swift; path = UsersListViewModel.swift; sourceTree = "<group>"; };
		4BD70800296E1CCC00C2F962 /* Users.json */ = {isa = PBXFileReference; lastKnownFileType = text.json; path = Users.json; sourceTree = "<group>"; };
		4BD70802296E1CEE00C2F962 /* Posts.json */ = {isa = PBXFileReference; lastKnownFileType = text.json; path = Posts.json; sourceTree = "<group>"; };
		4BD70805296E1DD500C2F962 /* Bundle+Extension.swift */ = {isa = PBXFileReference; lastKnownFileType = sourcecode.swift; path = "Bundle+Extension.swift"; sourceTree = "<group>"; };
		4BD70807296E1F3C00C2F962 /* MockData.swift */ = {isa = PBXFileReference; lastKnownFileType = sourcecode.swift; path = MockData.swift; sourceTree = "<group>"; };
		4BD70809296E21B700C2F962 /* PostsListViewModel.swift */ = {isa = PBXFileReference; lastKnownFileType = sourcecode.swift; path = PostsListViewModel.swift; sourceTree = "<group>"; };
		4BD7080D296E229100C2F962 /* PostsListView.swift */ = {isa = PBXFileReference; lastKnownFileType = sourcecode.swift; path = PostsListView.swift; sourceTree = "<group>"; };
		4BD7080F296F528F00C2F962 /* UserAndPosts.swift */ = {isa = PBXFileReference; lastKnownFileType = sourcecode.swift; path = UserAndPosts.swift; sourceTree = "<group>"; };
/* End PBXFileReference section */

/* Begin PBXFrameworksBuildPhase section */
		4BD707DE296E059700C2F962 /* Frameworks */ = {
			isa = PBXFrameworksBuildPhase;
			buildActionMask = 2147483647;
			files = (
			);
			runOnlyForDeploymentPostprocessing = 0;
		};
/* End PBXFrameworksBuildPhase section */

/* Begin PBXGroup section */
		4BD707D8296E059700C2F962 = {
			isa = PBXGroup;
			children = (
				4BD707F2296E05AF00C2F962 /* README.md */,
				4BD707E3296E059700C2F962 /* iOS Concurrency */,
				4BD707E2296E059700C2F962 /* Products */,
			);
			sourceTree = "<group>";
		};
		4BD707E2296E059700C2F962 /* Products */ = {
			isa = PBXGroup;
			children = (
				4BD707E1296E059700C2F962 /* iOS Concurrency.app */,
			);
			name = Products;
			sourceTree = "<group>";
		};
		4BD707E3296E059700C2F962 /* iOS Concurrency */ = {
			isa = PBXGroup;
			children = (
				4BD707F4296E08E200C2F962 /* Models */,
				4BD707FD296E1A1300C2F962 /* View Models */,
				4BD707FC296E19F100C2F962 /* Views */,
				4BD707F9296E0A7D00C2F962 /* Service */,
				4BD70804296E1DC100C2F962 /* Extensions */,
				4BD707F3296E072100C2F962 /* iOS-Concurrency-Info.plist */,
				4BD707E4296E059700C2F962 /* iOS_ConcurrencyApp.swift */,
				4BD707E8296E059800C2F962 /* Assets.xcassets */,
				4BD707EA296E059800C2F962 /* Preview Content */,
			);
			path = "iOS Concurrency";
			sourceTree = "<group>";
		};
		4BD707EA296E059800C2F962 /* Preview Content */ = {
			isa = PBXGroup;
			children = (
				4BD707EB296E059800C2F962 /* Preview Assets.xcassets */,
				4BD70800296E1CCC00C2F962 /* Users.json */,
				4BD70802296E1CEE00C2F962 /* Posts.json */,
				4BD70807296E1F3C00C2F962 /* MockData.swift */,
			);
			path = "Preview Content";
			sourceTree = "<group>";
		};
		4BD707F4296E08E200C2F962 /* Models */ = {
			isa = PBXGroup;
			children = (
				4BD707F5296E08F800C2F962 /* User.swift */,
				4BD707F7296E097100C2F962 /* Post.swift */,
				4BD7080F296F528F00C2F962 /* UserAndPosts.swift */,
			);
			path = Models;
			sourceTree = "<group>";
		};
		4BD707F9296E0A7D00C2F962 /* Service */ = {
			isa = PBXGroup;
			children = (
				4BD707FA296E0A8F00C2F962 /* APIService.swift */,
			);
			path = Service;
			sourceTree = "<group>";
		};
		4BD707FC296E19F100C2F962 /* Views */ = {
			isa = PBXGroup;
			children = (
				4BD707E6296E059700C2F962 /* UsersListView.swift */,
				4BD7080D296E229100C2F962 /* PostsListView.swift */,
			);
			path = Views;
			sourceTree = "<group>";
		};
		4BD707FD296E1A1300C2F962 /* View Models */ = {
			isa = PBXGroup;
			children = (
				4BD707FE296E1A2B00C2F962 /* UsersListViewModel.swift */,
				4BD70809296E21B700C2F962 /* PostsListViewModel.swift */,
			);
			path = "View Models";
			sourceTree = "<group>";
		};
		4BD70804296E1DC100C2F962 /* Extensions */ = {
			isa = PBXGroup;
			children = (
				4BD70805296E1DD500C2F962 /* Bundle+Extension.swift */,
			);
			path = Extensions;
			sourceTree = "<group>";
		};
/* End PBXGroup section */

/* Begin PBXNativeTarget section */
		4BD707E0296E059700C2F962 /* iOS Concurrency */ = {
			isa = PBXNativeTarget;
			buildConfigurationList = 4BD707EF296E059800C2F962 /* Build configuration list for PBXNativeTarget "iOS Concurrency" */;
			buildPhases = (
				4BD707DD296E059700C2F962 /* Sources */,
				4BD707DE296E059700C2F962 /* Frameworks */,
				4BD707DF296E059700C2F962 /* Resources */,
			);
			buildRules = (
			);
			dependencies = (
			);
			name = "iOS Concurrency";
			productName = "iOS Concurrency";
			productReference = 4BD707E1296E059700C2F962 /* iOS Concurrency.app */;
			productType = "com.apple.product-type.application";
		};
/* End PBXNativeTarget section */

/* Begin PBXProject section */
		4BD707D9296E059700C2F962 /* Project object */ = {
			isa = PBXProject;
			attributes = {
				BuildIndependentTargetsInParallel = 1;
				LastSwiftUpdateCheck = 1420;
				LastUpgradeCheck = 1420;
				TargetAttributes = {
					4BD707E0296E059700C2F962 = {
						CreatedOnToolsVersion = 14.2;
					};
				};
			};
			buildConfigurationList = 4BD707DC296E059700C2F962 /* Build configuration list for PBXProject "iOS Concurrency" */;
			compatibilityVersion = "Xcode 14.0";
			developmentRegion = en;
			hasScannedForEncodings = 0;
			knownRegions = (
				en,
				Base,
			);
			mainGroup = 4BD707D8296E059700C2F962;
			productRefGroup = 4BD707E2296E059700C2F962 /* Products */;
			projectDirPath = "";
			projectRoot = "";
			targets = (
				4BD707E0296E059700C2F962 /* iOS Concurrency */,
			);
		};
/* End PBXProject section */

/* Begin PBXResourcesBuildPhase section */
		4BD707DF296E059700C2F962 /* Resources */ = {
			isa = PBXResourcesBuildPhase;
			buildActionMask = 2147483647;
			files = (
				4BD70801296E1CCC00C2F962 /* Users.json in Resources */,
				4BD707EC296E059800C2F962 /* Preview Assets.xcassets in Resources */,
				4BD707E9296E059800C2F962 /* Assets.xcassets in Resources */,
				4BD70803296E1CEE00C2F962 /* Posts.json in Resources */,
			);
			runOnlyForDeploymentPostprocessing = 0;
		};
/* End PBXResourcesBuildPhase section */

/* Begin PBXSourcesBuildPhase section */
		4BD707DD296E059700C2F962 /* Sources */ = {
			isa = PBXSourcesBuildPhase;
			buildActionMask = 2147483647;
			files = (
				4BD70810296F528F00C2F962 /* UserAndPosts.swift in Sources */,
				4BD707E7296E059700C2F962 /* UsersListView.swift in Sources */,
				4BD70806296E1DD500C2F962 /* Bundle+Extension.swift in Sources */,
				4BD707FF296E1A2B00C2F962 /* UsersListViewModel.swift in Sources */,
				4BD7080A296E21B700C2F962 /* PostsListViewModel.swift in Sources */,
				4BD707FB296E0A8F00C2F962 /* APIService.swift in Sources */,
				4BD707E5296E059700C2F962 /* iOS_ConcurrencyApp.swift in Sources */,
				4BD70808296E1F3C00C2F962 /* MockData.swift in Sources */,
				4BD707F6296E08F800C2F962 /* User.swift in Sources */,
				4BD7080E296E229100C2F962 /* PostsListView.swift in Sources */,
				4BD707F8296E097100C2F962 /* Post.swift in Sources */,
			);
			runOnlyForDeploymentPostprocessing = 0;
		};
/* End PBXSourcesBuildPhase section */

/* Begin XCBuildConfiguration section */
		4BD707ED296E059800C2F962 /* Debug */ = {
			isa = XCBuildConfiguration;
			buildSettings = {
				ALWAYS_SEARCH_USER_PATHS = NO;
				CLANG_ANALYZER_NONNULL = YES;
				CLANG_ANALYZER_NUMBER_OBJECT_CONVERSION = YES_AGGRESSIVE;
				CLANG_CXX_LANGUAGE_STANDARD = "gnu++20";
				CLANG_ENABLE_MODULES = YES;
				CLANG_ENABLE_OBJC_ARC = YES;
				CLANG_ENABLE_OBJC_WEAK = YES;
				CLANG_WARN_BLOCK_CAPTURE_AUTORELEASING = YES;
				CLANG_WARN_BOOL_CONVERSION = YES;
				CLANG_WARN_COMMA = YES;
				CLANG_WARN_CONSTANT_CONVERSION = YES;
				CLANG_WARN_DEPRECATED_OBJC_IMPLEMENTATIONS = YES;
				CLANG_WARN_DIRECT_OBJC_ISA_USAGE = YES_ERROR;
				CLANG_WARN_DOCUMENTATION_COMMENTS = YES;
				CLANG_WARN_EMPTY_BODY = YES;
				CLANG_WARN_ENUM_CONVERSION = YES;
				CLANG_WARN_INFINITE_RECURSION = YES;
				CLANG_WARN_INT_CONVERSION = YES;
				CLANG_WARN_NON_LITERAL_NULL_CONVERSION = YES;
				CLANG_WARN_OBJC_IMPLICIT_RETAIN_SELF = YES;
				CLANG_WARN_OBJC_LITERAL_CONVERSION = YES;
				CLANG_WARN_OBJC_ROOT_CLASS = YES_ERROR;
				CLANG_WARN_QUOTED_INCLUDE_IN_FRAMEWORK_HEADER = YES;
				CLANG_WARN_RANGE_LOOP_ANALYSIS = YES;
				CLANG_WARN_STRICT_PROTOTYPES = YES;
				CLANG_WARN_SUSPICIOUS_MOVE = YES;
				CLANG_WARN_UNGUARDED_AVAILABILITY = YES_AGGRESSIVE;
				CLANG_WARN_UNREACHABLE_CODE = YES;
				CLANG_WARN__DUPLICATE_METHOD_MATCH = YES;
				COPY_PHASE_STRIP = NO;
				DEBUG_INFORMATION_FORMAT = dwarf;
				ENABLE_STRICT_OBJC_MSGSEND = YES;
				ENABLE_TESTABILITY = YES;
				GCC_C_LANGUAGE_STANDARD = gnu11;
				GCC_DYNAMIC_NO_PIC = NO;
				GCC_NO_COMMON_BLOCKS = YES;
				GCC_OPTIMIZATION_LEVEL = 0;
				GCC_PREPROCESSOR_DEFINITIONS = (
					"DEBUG=1",
					"$(inherited)",
				);
				GCC_WARN_64_TO_32_BIT_CONVERSION = YES;
				GCC_WARN_ABOUT_RETURN_TYPE = YES_ERROR;
				GCC_WARN_UNDECLARED_SELECTOR = YES;
				GCC_WARN_UNINITIALIZED_AUTOS = YES_AGGRESSIVE;
				GCC_WARN_UNUSED_FUNCTION = YES;
				GCC_WARN_UNUSED_VARIABLE = YES;
				IPHONEOS_DEPLOYMENT_TARGET = 16.2;
				MTL_ENABLE_DEBUG_INFO = INCLUDE_SOURCE;
				MTL_FAST_MATH = YES;
				ONLY_ACTIVE_ARCH = YES;
				SDKROOT = iphoneos;
				SWIFT_ACTIVE_COMPILATION_CONDITIONS = DEBUG;
				SWIFT_OPTIMIZATION_LEVEL = "-Onone";
			};
			name = Debug;
		};
		4BD707EE296E059800C2F962 /* Release */ = {
			isa = XCBuildConfiguration;
			buildSettings = {
				ALWAYS_SEARCH_USER_PATHS = NO;
				CLANG_ANALYZER_NONNULL = YES;
				CLANG_ANALYZER_NUMBER_OBJECT_CONVERSION = YES_AGGRESSIVE;
				CLANG_CXX_LANGUAGE_STANDARD = "gnu++20";
				CLANG_ENABLE_MODULES = YES;
				CLANG_ENABLE_OBJC_ARC = YES;
				CLANG_ENABLE_OBJC_WEAK = YES;
				CLANG_WARN_BLOCK_CAPTURE_AUTORELEASING = YES;
				CLANG_WARN_BOOL_CONVERSION = YES;
				CLANG_WARN_COMMA = YES;
				CLANG_WARN_CONSTANT_CONVERSION = YES;
				CLANG_WARN_DEPRECATED_OBJC_IMPLEMENTATIONS = YES;
				CLANG_WARN_DIRECT_OBJC_ISA_USAGE = YES_ERROR;
				CLANG_WARN_DOCUMENTATION_COMMENTS = YES;
				CLANG_WARN_EMPTY_BODY = YES;
				CLANG_WARN_ENUM_CONVERSION = YES;
				CLANG_WARN_INFINITE_RECURSION = YES;
				CLANG_WARN_INT_CONVERSION = YES;
				CLANG_WARN_NON_LITERAL_NULL_CONVERSION = YES;
				CLANG_WARN_OBJC_IMPLICIT_RETAIN_SELF = YES;
				CLANG_WARN_OBJC_LITERAL_CONVERSION = YES;
				CLANG_WARN_OBJC_ROOT_CLASS = YES_ERROR;
				CLANG_WARN_QUOTED_INCLUDE_IN_FRAMEWORK_HEADER = YES;
				CLANG_WARN_RANGE_LOOP_ANALYSIS = YES;
				CLANG_WARN_STRICT_PROTOTYPES = YES;
				CLANG_WARN_SUSPICIOUS_MOVE = YES;
				CLANG_WARN_UNGUARDED_AVAILABILITY = YES_AGGRESSIVE;
				CLANG_WARN_UNREACHABLE_CODE = YES;
				CLANG_WARN__DUPLICATE_METHOD_MATCH = YES;
				COPY_PHASE_STRIP = NO;
				DEBUG_INFORMATION_FORMAT = "dwarf-with-dsym";
				ENABLE_NS_ASSERTIONS = NO;
				ENABLE_STRICT_OBJC_MSGSEND = YES;
				GCC_C_LANGUAGE_STANDARD = gnu11;
				GCC_NO_COMMON_BLOCKS = YES;
				GCC_WARN_64_TO_32_BIT_CONVERSION = YES;
				GCC_WARN_ABOUT_RETURN_TYPE = YES_ERROR;
				GCC_WARN_UNDECLARED_SELECTOR = YES;
				GCC_WARN_UNINITIALIZED_AUTOS = YES_AGGRESSIVE;
				GCC_WARN_UNUSED_FUNCTION = YES;
				GCC_WARN_UNUSED_VARIABLE = YES;
				IPHONEOS_DEPLOYMENT_TARGET = 16.2;
				MTL_ENABLE_DEBUG_INFO = NO;
				MTL_FAST_MATH = YES;
				SDKROOT = iphoneos;
				SWIFT_COMPILATION_MODE = wholemodule;
				SWIFT_OPTIMIZATION_LEVEL = "-O";
				VALIDATE_PRODUCT = YES;
			};
			name = Release;
		};
		4BD707F0296E059800C2F962 /* Debug */ = {
			isa = XCBuildConfiguration;
			buildSettings = {
				ASSETCATALOG_COMPILER_APPICON_NAME = AppIcon;
				ASSETCATALOG_COMPILER_GLOBAL_ACCENT_COLOR_NAME = AccentColor;
				CODE_SIGN_STYLE = Automatic;
				CURRENT_PROJECT_VERSION = 1;
				DEVELOPMENT_ASSET_PATHS = "\"iOS Concurrency/Preview Content\"";
				DEVELOPMENT_TEAM = X9J2SG7MB3;
				ENABLE_PREVIEWS = YES;
				GENERATE_INFOPLIST_FILE = YES;
				INFOPLIST_FILE = "iOS-Concurrency-Info.plist";
				INFOPLIST_KEY_UIApplicationSceneManifest_Generation = YES;
				INFOPLIST_KEY_UIApplicationSupportsIndirectInputEvents = YES;
				INFOPLIST_KEY_UISupportedInterfaceOrientations_iPad = "UIInterfaceOrientationPortrait UIInterfaceOrientationPortraitUpsideDown UIInterfaceOrientationLandscapeLeft UIInterfaceOrientationLandscapeRight";
				INFOPLIST_KEY_UISupportedInterfaceOrientations_iPhone = "UIInterfaceOrientationPortrait UIInterfaceOrientationLandscapeLeft UIInterfaceOrientationLandscapeRight";
				IPHONEOS_DEPLOYMENT_TARGET = 15.0;
				LD_RUNPATH_SEARCH_PATHS = (
					"$(inherited)",
					"@executable_path/Frameworks",
				);
				MARKETING_VERSION = 1.0;
				PRODUCT_BUNDLE_IDENTIFIER = "co.gopal.dev.iOS-Concurrency";
				PRODUCT_NAME = "$(TARGET_NAME)";
				SWIFT_EMIT_LOC_STRINGS = YES;
				SWIFT_VERSION = 5.0;
				TARGETED_DEVICE_FAMILY = "1,2";
			};
			name = Debug;
		};
		4BD707F1296E059800C2F962 /* Release */ = {
			isa = XCBuildConfiguration;
			buildSettings = {
				ASSETCATALOG_COMPILER_APPICON_NAME = AppIcon;
				ASSETCATALOG_COMPILER_GLOBAL_ACCENT_COLOR_NAME = AccentColor;
				CODE_SIGN_STYLE = Automatic;
				CURRENT_PROJECT_VERSION = 1;
				DEVELOPMENT_ASSET_PATHS = "\"iOS Concurrency/Preview Content\"";
				DEVELOPMENT_TEAM = X9J2SG7MB3;
				ENABLE_PREVIEWS = YES;
				GENERATE_INFOPLIST_FILE = YES;
				INFOPLIST_FILE = "iOS-Concurrency-Info.plist";
				INFOPLIST_KEY_UIApplicationSceneManifest_Generation = YES;
				INFOPLIST_KEY_UIApplicationSupportsIndirectInputEvents = YES;
				INFOPLIST_KEY_UISupportedInterfaceOrientations_iPad = "UIInterfaceOrientationPortrait UIInterfaceOrientationPortraitUpsideDown UIInterfaceOrientationLandscapeLeft UIInterfaceOrientationLandscapeRight";
				INFOPLIST_KEY_UISupportedInterfaceOrientations_iPhone = "UIInterfaceOrientationPortrait UIInterfaceOrientationLandscapeLeft UIInterfaceOrientationLandscapeRight";
				IPHONEOS_DEPLOYMENT_TARGET = 15.0;
				LD_RUNPATH_SEARCH_PATHS = (
					"$(inherited)",
					"@executable_path/Frameworks",
				);
				MARKETING_VERSION = 1.0;
				PRODUCT_BUNDLE_IDENTIFIER = "co.gopal.dev.iOS-Concurrency";
				PRODUCT_NAME = "$(TARGET_NAME)";
				SWIFT_EMIT_LOC_STRINGS = YES;
				SWIFT_VERSION = 5.0;
				TARGETED_DEVICE_FAMILY = "1,2";
			};
			name = Release;
		};
/* End XCBuildConfiguration section */

/* Begin XCConfigurationList section */
		4BD707DC296E059700C2F962 /* Build configuration list for PBXProject "iOS Concurrency" */ = {
			isa = XCConfigurationList;
			buildConfigurations = (
				4BD707ED296E059800C2F962 /* Debug */,
				4BD707EE296E059800C2F962 /* Release */,
			);
			defaultConfigurationIsVisible = 0;
			defaultConfigurationName = Release;
		};
		4BD707EF296E059800C2F962 /* Build configuration list for PBXNativeTarget "iOS Concurrency" */ = {
			isa = XCConfigurationList;
			buildConfigurations = (
				4BD707F0296E059800C2F962 /* Debug */,
				4BD707F1296E059800C2F962 /* Release */,
			);
			defaultConfigurationIsVisible = 0;
			defaultConfigurationName = Release;
		};
/* End XCConfigurationList section */
	};
	rootObject = 4BD707D9296E059700C2F962 /* Project object */;
}
