// !$*UTF8*$!
{
	archiveVersion = 1;
	classes = {
	};
	objectVersion = 56;
	objects = {

/* Begin PBXBuildFile section */
		4B5DB52D298598BE00104E9A /* AppDelegate.swift in Sources */ = {isa = PBXBuildFile; fileRef = 4B5DB52C298598BE00104E9A /* AppDelegate.swift */; };
		4B5DB52F298598BE00104E9A /* SceneDelegate.swift in Sources */ = {isa = PBXBuildFile; fileRef = 4B5DB52E298598BE00104E9A /* SceneDelegate.swift */; };
		4B5DB534298598BE00104E9A /* Main.storyboard in Resources */ = {isa = PBXBuildFile; fileRef = 4B5DB532298598BE00104E9A /* Main.storyboard */; };
		4B5DB536298598BF00104E9A /* Assets.xcassets in Resources */ = {isa = PBXBuildFile; fileRef = 4B5DB535298598BF00104E9A /* Assets.xcassets */; };
		4B5DB539298598BF00104E9A /* LaunchScreen.storyboard in Resources */ = {isa = PBXBuildFile; fileRef = 4B5DB537298598BF00104E9A /* LaunchScreen.storyboard */; };
		4B5DB544298598BF00104E9A /* IncreaseAppPerformanceWithCachingTests.swift in Sources */ = {isa = PBXBuildFile; fileRef = 4B5DB543298598BF00104E9A /* IncreaseAppPerformanceWithCachingTests.swift */; };
		4B5DB54E298598BF00104E9A /* IncreaseAppPerformanceWithCachingUITests.swift in Sources */ = {isa = PBXBuildFile; fileRef = 4B5DB54D298598BF00104E9A /* IncreaseAppPerformanceWithCachingUITests.swift */; };
		4B5DB550298598BF00104E9A /* IncreaseAppPerformanceWithCachingUITestsLaunchTests.swift in Sources */ = {isa = PBXBuildFile; fileRef = 4B5DB54F298598BF00104E9A /* IncreaseAppPerformanceWithCachingUITestsLaunchTests.swift */; };
		4B5DB55D298598E900104E9A /* ImagesViewController.swift in Sources */ = {isa = PBXBuildFile; fileRef = 4B5DB55C298598E900104E9A /* ImagesViewController.swift */; };
		4B5DB55F2985990F00104E9A /* ImageTableViewCell.swift in Sources */ = {isa = PBXBuildFile; fileRef = 4B5DB55E2985990F00104E9A /* ImageTableViewCell.swift */; };
		4B5DB5622985A39500104E9A /* UIImage.swift in Sources */ = {isa = PBXBuildFile; fileRef = 4B5DB5612985A39500104E9A /* UIImage.swift */; };
/* End PBXBuildFile section */

/* Begin PBXContainerItemProxy section */
		4B5DB540298598BF00104E9A /* PBXContainerItemProxy */ = {
			isa = PBXContainerItemProxy;
			containerPortal = 4B5DB521298598BE00104E9A /* Project object */;
			proxyType = 1;
			remoteGlobalIDString = 4B5DB528298598BE00104E9A;
			remoteInfo = IncreaseAppPerformanceWithCaching;
		};
		4B5DB54A298598BF00104E9A /* PBXContainerItemProxy */ = {
			isa = PBXContainerItemProxy;
			containerPortal = 4B5DB521298598BE00104E9A /* Project object */;
			proxyType = 1;
			remoteGlobalIDString = 4B5DB528298598BE00104E9A;
			remoteInfo = IncreaseAppPerformanceWithCaching;
		};
/* End PBXContainerItemProxy section */

/* Begin PBXFileReference section */
		4B5DB529298598BE00104E9A /* IncreaseAppPerformanceWithCaching.app */ = {isa = PBXFileReference; explicitFileType = wrapper.application; includeInIndex = 0; path = IncreaseAppPerformanceWithCaching.app; sourceTree = BUILT_PRODUCTS_DIR; };
		4B5DB52C298598BE00104E9A /* AppDelegate.swift */ = {isa = PBXFileReference; lastKnownFileType = sourcecode.swift; path = AppDelegate.swift; sourceTree = "<group>"; };
		4B5DB52E298598BE00104E9A /* SceneDelegate.swift */ = {isa = PBXFileReference; lastKnownFileType = sourcecode.swift; path = SceneDelegate.swift; sourceTree = "<group>"; };
		4B5DB533298598BE00104E9A /* Base */ = {isa = PBXFileReference; lastKnownFileType = file.storyboard; name = Base; path = Base.lproj/Main.storyboard; sourceTree = "<group>"; };
		4B5DB535298598BF00104E9A /* Assets.xcassets */ = {isa = PBXFileReference; lastKnownFileType = folder.assetcatalog; path = Assets.xcassets; sourceTree = "<group>"; };
		4B5DB538298598BF00104E9A /* Base */ = {isa = PBXFileReference; lastKnownFileType = file.storyboard; name = Base; path = Base.lproj/LaunchScreen.storyboard; sourceTree = "<group>"; };
		4B5DB53A298598BF00104E9A /* Info.plist */ = {isa = PBXFileReference; lastKnownFileType = text.plist.xml; path = Info.plist; sourceTree = "<group>"; };
		4B5DB53F298598BF00104E9A /* IncreaseAppPerformanceWithCachingTests.xctest */ = {isa = PBXFileReference; explicitFileType = wrapper.cfbundle; includeInIndex = 0; path = IncreaseAppPerformanceWithCachingTests.xctest; sourceTree = BUILT_PRODUCTS_DIR; };
		4B5DB543298598BF00104E9A /* IncreaseAppPerformanceWithCachingTests.swift */ = {isa = PBXFileReference; lastKnownFileType = sourcecode.swift; path = IncreaseAppPerformanceWithCachingTests.swift; sourceTree = "<group>"; };
		4B5DB549298598BF00104E9A /* IncreaseAppPerformanceWithCachingUITests.xctest */ = {isa = PBXFileReference; explicitFileType = wrapper.cfbundle; includeInIndex = 0; path = IncreaseAppPerformanceWithCachingUITests.xctest; sourceTree = BUILT_PRODUCTS_DIR; };
		4B5DB54D298598BF00104E9A /* IncreaseAppPerformanceWithCachingUITests.swift */ = {isa = PBXFileReference; lastKnownFileType = sourcecode.swift; path = IncreaseAppPerformanceWithCachingUITests.swift; sourceTree = "<group>"; };
		4B5DB54F298598BF00104E9A /* IncreaseAppPerformanceWithCachingUITestsLaunchTests.swift */ = {isa = PBXFileReference; lastKnownFileType = sourcecode.swift; path = IncreaseAppPerformanceWithCachingUITestsLaunchTests.swift; sourceTree = "<group>"; };
		4B5DB55C298598E900104E9A /* ImagesViewController.swift */ = {isa = PBXFileReference; lastKnownFileType = sourcecode.swift; path = ImagesViewController.swift; sourceTree = "<group>"; };
		4B5DB55E2985990F00104E9A /* ImageTableViewCell.swift */ = {isa = PBXFileReference; lastKnownFileType = sourcecode.swift; path = ImageTableViewCell.swift; sourceTree = "<group>"; };
		4B5DB5612985A39500104E9A /* UIImage.swift */ = {isa = PBXFileReference; lastKnownFileType = sourcecode.swift; path = UIImage.swift; sourceTree = "<group>"; };
/* End PBXFileReference section */

/* Begin PBXFrameworksBuildPhase section */
		4B5DB526298598BE00104E9A /* Frameworks */ = {
			isa = PBXFrameworksBuildPhase;
			buildActionMask = 2147483647;
			files = (
			);
			runOnlyForDeploymentPostprocessing = 0;
		};
		4B5DB53C298598BF00104E9A /* Frameworks */ = {
			isa = PBXFrameworksBuildPhase;
			buildActionMask = 2147483647;
			files = (
			);
			runOnlyForDeploymentPostprocessing = 0;
		};
		4B5DB546298598BF00104E9A /* Frameworks */ = {
			isa = PBXFrameworksBuildPhase;
			buildActionMask = 2147483647;
			files = (
			);
			runOnlyForDeploymentPostprocessing = 0;
		};
/* End PBXFrameworksBuildPhase section */

/* Begin PBXGroup section */
		4B5DB520298598BE00104E9A = {
			isa = PBXGroup;
			children = (
				4B5DB5602985A32200104E9A /* Extensions */,
				4B5DB52B298598BE00104E9A /* IncreaseAppPerformanceWithCaching */,
				4B5DB542298598BF00104E9A /* IncreaseAppPerformanceWithCachingTests */,
				4B5DB54C298598BF00104E9A /* IncreaseAppPerformanceWithCachingUITests */,
				4B5DB52A298598BE00104E9A /* Products */,
			);
			sourceTree = "<group>";
		};
		4B5DB52A298598BE00104E9A /* Products */ = {
			isa = PBXGroup;
			children = (
				4B5DB529298598BE00104E9A /* IncreaseAppPerformanceWithCaching.app */,
				4B5DB53F298598BF00104E9A /* IncreaseAppPerformanceWithCachingTests.xctest */,
				4B5DB549298598BF00104E9A /* IncreaseAppPerformanceWithCachingUITests.xctest */,
			);
			name = Products;
			sourceTree = "<group>";
		};
		4B5DB52B298598BE00104E9A /* IncreaseAppPerformanceWithCaching */ = {
			isa = PBXGroup;
			children = (
				4B5DB52C298598BE00104E9A /* AppDelegate.swift */,
				4B5DB52E298598BE00104E9A /* SceneDelegate.swift */,
				4B5DB55C298598E900104E9A /* ImagesViewController.swift */,
				4B5DB55E2985990F00104E9A /* ImageTableViewCell.swift */,
				4B5DB532298598BE00104E9A /* Main.storyboard */,
				4B5DB535298598BF00104E9A /* Assets.xcassets */,
				4B5DB537298598BF00104E9A /* LaunchScreen.storyboard */,
				4B5DB53A298598BF00104E9A /* Info.plist */,
			);
			path = IncreaseAppPerformanceWithCaching;
			sourceTree = "<group>";
		};
		4B5DB542298598BF00104E9A /* IncreaseAppPerformanceWithCachingTests */ = {
			isa = PBXGroup;
			children = (
				4B5DB543298598BF00104E9A /* IncreaseAppPerformanceWithCachingTests.swift */,
			);
			path = IncreaseAppPerformanceWithCachingTests;
			sourceTree = "<group>";
		};
		4B5DB54C298598BF00104E9A /* IncreaseAppPerformanceWithCachingUITests */ = {
			isa = PBXGroup;
			children = (
				4B5DB54D298598BF00104E9A /* IncreaseAppPerformanceWithCachingUITests.swift */,
				4B5DB54F298598BF00104E9A /* IncreaseAppPerformanceWithCachingUITestsLaunchTests.swift */,
			);
			path = IncreaseAppPerformanceWithCachingUITests;
			sourceTree = "<group>";
		};
		4B5DB5602985A32200104E9A /* Extensions */ = {
			isa = PBXGroup;
			children = (
				4B5DB5612985A39500104E9A /* UIImage.swift */,
			);
			path = Extensions;
			sourceTree = "<group>";
		};
/* End PBXGroup section */

/* Begin PBXNativeTarget section */
		4B5DB528298598BE00104E9A /* IncreaseAppPerformanceWithCaching */ = {
			isa = PBXNativeTarget;
			buildConfigurationList = 4B5DB553298598BF00104E9A /* Build configuration list for PBXNativeTarget "IncreaseAppPerformanceWithCaching" */;
			buildPhases = (
				4B5DB525298598BE00104E9A /* Sources */,
				4B5DB526298598BE00104E9A /* Frameworks */,
				4B5DB527298598BE00104E9A /* Resources */,
			);
			buildRules = (
			);
			dependencies = (
			);
			name = IncreaseAppPerformanceWithCaching;
			productName = IncreaseAppPerformanceWithCaching;
			productReference = 4B5DB529298598BE00104E9A /* IncreaseAppPerformanceWithCaching.app */;
			productType = "com.apple.product-type.application";
		};
		4B5DB53E298598BF00104E9A /* IncreaseAppPerformanceWithCachingTests */ = {
			isa = PBXNativeTarget;
			buildConfigurationList = 4B5DB556298598BF00104E9A /* Build configuration list for PBXNativeTarget "IncreaseAppPerformanceWithCachingTests" */;
			buildPhases = (
				4B5DB53B298598BF00104E9A /* Sources */,
				4B5DB53C298598BF00104E9A /* Frameworks */,
				4B5DB53D298598BF00104E9A /* Resources */,
			);
			buildRules = (
			);
			dependencies = (
				4B5DB541298598BF00104E9A /* PBXTargetDependency */,
			);
			name = IncreaseAppPerformanceWithCachingTests;
			productName = IncreaseAppPerformanceWithCachingTests;
			productReference = 4B5DB53F298598BF00104E9A /* IncreaseAppPerformanceWithCachingTests.xctest */;
			productType = "com.apple.product-type.bundle.unit-test";
		};
		4B5DB548298598BF00104E9A /* IncreaseAppPerformanceWithCachingUITests */ = {
			isa = PBXNativeTarget;
			buildConfigurationList = 4B5DB559298598BF00104E9A /* Build configuration list for PBXNativeTarget "IncreaseAppPerformanceWithCachingUITests" */;
			buildPhases = (
				4B5DB545298598BF00104E9A /* Sources */,
				4B5DB546298598BF00104E9A /* Frameworks */,
				4B5DB547298598BF00104E9A /* Resources */,
			);
			buildRules = (
			);
			dependencies = (
				4B5DB54B298598BF00104E9A /* PBXTargetDependency */,
			);
			name = IncreaseAppPerformanceWithCachingUITests;
			productName = IncreaseAppPerformanceWithCachingUITests;
			productReference = 4B5DB549298598BF00104E9A /* IncreaseAppPerformanceWithCachingUITests.xctest */;
			productType = "com.apple.product-type.bundle.ui-testing";
		};
/* End PBXNativeTarget section */

/* Begin PBXProject section */
		4B5DB521298598BE00104E9A /* Project object */ = {
			isa = PBXProject;
			attributes = {
				BuildIndependentTargetsInParallel = 1;
				LastSwiftUpdateCheck = 1420;
				LastUpgradeCheck = 1420;
				TargetAttributes = {
					4B5DB528298598BE00104E9A = {
						CreatedOnToolsVersion = 14.2;
					};
					4B5DB53E298598BF00104E9A = {
						CreatedOnToolsVersion = 14.2;
						TestTargetID = 4B5DB528298598BE00104E9A;
					};
					4B5DB548298598BF00104E9A = {
						CreatedOnToolsVersion = 14.2;
						TestTargetID = 4B5DB528298598BE00104E9A;
					};
				};
			};
			buildConfigurationList = 4B5DB524298598BE00104E9A /* Build configuration list for PBXProject "IncreaseAppPerformanceWithCaching" */;
			compatibilityVersion = "Xcode 14.0";
			developmentRegion = en;
			hasScannedForEncodings = 0;
			knownRegions = (
				en,
				Base,
			);
			mainGroup = 4B5DB520298598BE00104E9A;
			productRefGroup = 4B5DB52A298598BE00104E9A /* Products */;
			projectDirPath = "";
			projectRoot = "";
			targets = (
				4B5DB528298598BE00104E9A /* IncreaseAppPerformanceWithCaching */,
				4B5DB53E298598BF00104E9A /* IncreaseAppPerformanceWithCachingTests */,
				4B5DB548298598BF00104E9A /* IncreaseAppPerformanceWithCachingUITests */,
			);
		};
/* End PBXProject section */

/* Begin PBXResourcesBuildPhase section */
		4B5DB527298598BE00104E9A /* Resources */ = {
			isa = PBXResourcesBuildPhase;
			buildActionMask = 2147483647;
			files = (
				4B5DB539298598BF00104E9A /* LaunchScreen.storyboard in Resources */,
				4B5DB536298598BF00104E9A /* Assets.xcassets in Resources */,
				4B5DB534298598BE00104E9A /* Main.storyboard in Resources */,
			);
			runOnlyForDeploymentPostprocessing = 0;
		};
		4B5DB53D298598BF00104E9A /* Resources */ = {
			isa = PBXResourcesBuildPhase;
			buildActionMask = 2147483647;
			files = (
			);
			runOnlyForDeploymentPostprocessing = 0;
		};
		4B5DB547298598BF00104E9A /* Resources */ = {
			isa = PBXResourcesBuildPhase;
			buildActionMask = 2147483647;
			files = (
			);
			runOnlyForDeploymentPostprocessing = 0;
		};
/* End PBXResourcesBuildPhase section */

/* Begin PBXSourcesBuildPhase section */
		4B5DB525298598BE00104E9A /* Sources */ = {
			isa = PBXSourcesBuildPhase;
			buildActionMask = 2147483647;
			files = (
				4B5DB52D298598BE00104E9A /* AppDelegate.swift in Sources */,
				4B5DB5622985A39500104E9A /* UIImage.swift in Sources */,
				4B5DB55F2985990F00104E9A /* ImageTableViewCell.swift in Sources */,
				4B5DB55D298598E900104E9A /* ImagesViewController.swift in Sources */,
				4B5DB52F298598BE00104E9A /* SceneDelegate.swift in Sources */,
			);
			runOnlyForDeploymentPostprocessing = 0;
		};
		4B5DB53B298598BF00104E9A /* Sources */ = {
			isa = PBXSourcesBuildPhase;
			buildActionMask = 2147483647;
			files = (
				4B5DB544298598BF00104E9A /* IncreaseAppPerformanceWithCachingTests.swift in Sources */,
			);
			runOnlyForDeploymentPostprocessing = 0;
		};
		4B5DB545298598BF00104E9A /* Sources */ = {
			isa = PBXSourcesBuildPhase;
			buildActionMask = 2147483647;
			files = (
				4B5DB54E298598BF00104E9A /* IncreaseAppPerformanceWithCachingUITests.swift in Sources */,
				4B5DB550298598BF00104E9A /* IncreaseAppPerformanceWithCachingUITestsLaunchTests.swift in Sources */,
			);
			runOnlyForDeploymentPostprocessing = 0;
		};
/* End PBXSourcesBuildPhase section */

/* Begin PBXTargetDependency section */
		4B5DB541298598BF00104E9A /* PBXTargetDependency */ = {
			isa = PBXTargetDependency;
			target = 4B5DB528298598BE00104E9A /* IncreaseAppPerformanceWithCaching */;
			targetProxy = 4B5DB540298598BF00104E9A /* PBXContainerItemProxy */;
		};
		4B5DB54B298598BF00104E9A /* PBXTargetDependency */ = {
			isa = PBXTargetDependency;
			target = 4B5DB528298598BE00104E9A /* IncreaseAppPerformanceWithCaching */;
			targetProxy = 4B5DB54A298598BF00104E9A /* PBXContainerItemProxy */;
		};
/* End PBXTargetDependency section */

/* Begin PBXVariantGroup section */
		4B5DB532298598BE00104E9A /* Main.storyboard */ = {
			isa = PBXVariantGroup;
			children = (
				4B5DB533298598BE00104E9A /* Base */,
			);
			name = Main.storyboard;
			sourceTree = "<group>";
		};
		4B5DB537298598BF00104E9A /* LaunchScreen.storyboard */ = {
			isa = PBXVariantGroup;
			children = (
				4B5DB538298598BF00104E9A /* Base */,
			);
			name = LaunchScreen.storyboard;
			sourceTree = "<group>";
		};
/* End PBXVariantGroup section */

/* Begin XCBuildConfiguration section */
		4B5DB551298598BF00104E9A /* Debug */ = {
			isa = XCBuildConfiguration;
			buildSettings = {
				ALWAYS_SEARCH_USER_PATHS = NO;
				CLANG_ANALYZER_NONNULL = YES;
				CLANG_ANALYZER_NUMBER_OBJECT_CONVERSION = YES_AGGRESSIVE;
				CLANG_CXX_LANGUAGE_STANDARD = "gnu++20";
				CLANG_ENABLE_MODULES = YES;
				CLANG_ENABLE_OBJC_ARC = YES;
				CLANG_ENABLE_OBJC_WEAK = YES;
				CLANG_WARN_BLOCK_CAPTURE_AUTORELEASING = YES;
				CLANG_WARN_BOOL_CONVERSION = YES;
				CLANG_WARN_COMMA = YES;
				CLANG_WARN_CONSTANT_CONVERSION = YES;
				CLANG_WARN_DEPRECATED_OBJC_IMPLEMENTATIONS = YES;
				CLANG_WARN_DIRECT_OBJC_ISA_USAGE = YES_ERROR;
				CLANG_WARN_DOCUMENTATION_COMMENTS = YES;
				CLANG_WARN_EMPTY_BODY = YES;
				CLANG_WARN_ENUM_CONVERSION = YES;
				CLANG_WARN_INFINITE_RECURSION = YES;
				CLANG_WARN_INT_CONVERSION = YES;
				CLANG_WARN_NON_LITERAL_NULL_CONVERSION = YES;
				CLANG_WARN_OBJC_IMPLICIT_RETAIN_SELF = YES;
				CLANG_WARN_OBJC_LITERAL_CONVERSION = YES;
				CLANG_WARN_OBJC_ROOT_CLASS = YES_ERROR;
				CLANG_WARN_QUOTED_INCLUDE_IN_FRAMEWORK_HEADER = YES;
				CLANG_WARN_RANGE_LOOP_ANALYSIS = YES;
				CLANG_WARN_STRICT_PROTOTYPES = YES;
				CLANG_WARN_SUSPICIOUS_MOVE = YES;
				CLANG_WARN_UNGUARDED_AVAILABILITY = YES_AGGRESSIVE;
				CLANG_WARN_UNREACHABLE_CODE = YES;
				CLANG_WARN__DUPLICATE_METHOD_MATCH = YES;
				COPY_PHASE_STRIP = NO;
				DEBUG_INFORMATION_FORMAT = dwarf;
				ENABLE_STRICT_OBJC_MSGSEND = YES;
				ENABLE_TESTABILITY = YES;
				GCC_C_LANGUAGE_STANDARD = gnu11;
				GCC_DYNAMIC_NO_PIC = NO;
				GCC_NO_COMMON_BLOCKS = YES;
				GCC_OPTIMIZATION_LEVEL = 0;
				GCC_PREPROCESSOR_DEFINITIONS = (
					"DEBUG=1",
					"$(inherited)",
				);
				GCC_WARN_64_TO_32_BIT_CONVERSION = YES;
				GCC_WARN_ABOUT_RETURN_TYPE = YES_ERROR;
				GCC_WARN_UNDECLARED_SELECTOR = YES;
				GCC_WARN_UNINITIALIZED_AUTOS = YES_AGGRESSIVE;
				GCC_WARN_UNUSED_FUNCTION = YES;
				GCC_WARN_UNUSED_VARIABLE = YES;
				IPHONEOS_DEPLOYMENT_TARGET = 16.2;
				MTL_ENABLE_DEBUG_INFO = INCLUDE_SOURCE;
				MTL_FAST_MATH = YES;
				ONLY_ACTIVE_ARCH = YES;
				SDKROOT = iphoneos;
				SWIFT_ACTIVE_COMPILATION_CONDITIONS = DEBUG;
				SWIFT_OPTIMIZATION_LEVEL = "-Onone";
			};
			name = Debug;
		};
		4B5DB552298598BF00104E9A /* Release */ = {
			isa = XCBuildConfiguration;
			buildSettings = {
				ALWAYS_SEARCH_USER_PATHS = NO;
				CLANG_ANALYZER_NONNULL = YES;
				CLANG_ANALYZER_NUMBER_OBJECT_CONVERSION = YES_AGGRESSIVE;
				CLANG_CXX_LANGUAGE_STANDARD = "gnu++20";
				CLANG_ENABLE_MODULES = YES;
				CLANG_ENABLE_OBJC_ARC = YES;
				CLANG_ENABLE_OBJC_WEAK = YES;
				CLANG_WARN_BLOCK_CAPTURE_AUTORELEASING = YES;
				CLANG_WARN_BOOL_CONVERSION = YES;
				CLANG_WARN_COMMA = YES;
				CLANG_WARN_CONSTANT_CONVERSION = YES;
				CLANG_WARN_DEPRECATED_OBJC_IMPLEMENTATIONS = YES;
				CLANG_WARN_DIRECT_OBJC_ISA_USAGE = YES_ERROR;
				CLANG_WARN_DOCUMENTATION_COMMENTS = YES;
				CLANG_WARN_EMPTY_BODY = YES;
				CLANG_WARN_ENUM_CONVERSION = YES;
				CLANG_WARN_INFINITE_RECURSION = YES;
				CLANG_WARN_INT_CONVERSION = YES;
				CLANG_WARN_NON_LITERAL_NULL_CONVERSION = YES;
				CLANG_WARN_OBJC_IMPLICIT_RETAIN_SELF = YES;
				CLANG_WARN_OBJC_LITERAL_CONVERSION = YES;
				CLANG_WARN_OBJC_ROOT_CLASS = YES_ERROR;
				CLANG_WARN_QUOTED_INCLUDE_IN_FRAMEWORK_HEADER = YES;
				CLANG_WARN_RANGE_LOOP_ANALYSIS = YES;
				CLANG_WARN_STRICT_PROTOTYPES = YES;
				CLANG_WARN_SUSPICIOUS_MOVE = YES;
				CLANG_WARN_UNGUARDED_AVAILABILITY = YES_AGGRESSIVE;
				CLANG_WARN_UNREACHABLE_CODE = YES;
				CLANG_WARN__DUPLICATE_METHOD_MATCH = YES;
				COPY_PHASE_STRIP = NO;
				DEBUG_INFORMATION_FORMAT = "dwarf-with-dsym";
				ENABLE_NS_ASSERTIONS = NO;
				ENABLE_STRICT_OBJC_MSGSEND = YES;
				GCC_C_LANGUAGE_STANDARD = gnu11;
				GCC_NO_COMMON_BLOCKS = YES;
				GCC_WARN_64_TO_32_BIT_CONVERSION = YES;
				GCC_WARN_ABOUT_RETURN_TYPE = YES_ERROR;
				GCC_WARN_UNDECLARED_SELECTOR = YES;
				GCC_WARN_UNINITIALIZED_AUTOS = YES_AGGRESSIVE;
				GCC_WARN_UNUSED_FUNCTION = YES;
				GCC_WARN_UNUSED_VARIABLE = YES;
				IPHONEOS_DEPLOYMENT_TARGET = 16.2;
				MTL_ENABLE_DEBUG_INFO = NO;
				MTL_FAST_MATH = YES;
				SDKROOT = iphoneos;
				SWIFT_COMPILATION_MODE = wholemodule;
				SWIFT_OPTIMIZATION_LEVEL = "-O";
				VALIDATE_PRODUCT = YES;
			};
			name = Release;
		};
		4B5DB554298598BF00104E9A /* Debug */ = {
			isa = XCBuildConfiguration;
			buildSettings = {
				ASSETCATALOG_COMPILER_APPICON_NAME = AppIcon;
				ASSETCATALOG_COMPILER_GLOBAL_ACCENT_COLOR_NAME = AccentColor;
				CODE_SIGN_STYLE = Automatic;
				CURRENT_PROJECT_VERSION = 1;
				DEVELOPMENT_TEAM = UEQ95NQCUE;
				GENERATE_INFOPLIST_FILE = YES;
				INFOPLIST_FILE = IncreaseAppPerformanceWithCaching/Info.plist;
				INFOPLIST_KEY_UIApplicationSupportsIndirectInputEvents = YES;
				INFOPLIST_KEY_UILaunchStoryboardName = LaunchScreen;
				INFOPLIST_KEY_UIMainStoryboardFile = Main;
				INFOPLIST_KEY_UISupportedInterfaceOrientations_iPad = "UIInterfaceOrientationPortrait UIInterfaceOrientationPortraitUpsideDown UIInterfaceOrientationLandscapeLeft UIInterfaceOrientationLandscapeRight";
				INFOPLIST_KEY_UISupportedInterfaceOrientations_iPhone = "UIInterfaceOrientationPortrait UIInterfaceOrientationLandscapeLeft UIInterfaceOrientationLandscapeRight";
				LD_RUNPATH_SEARCH_PATHS = (
					"$(inherited)",
					"@executable_path/Frameworks",
				);
				MARKETING_VERSION = 1.0;
				PRODUCT_BUNDLE_IDENTIFIER = com.gopal.dev.IncreaseAppPerformanceWithCaching;
				PRODUCT_NAME = "$(TARGET_NAME)";
				SWIFT_EMIT_LOC_STRINGS = YES;
				SWIFT_VERSION = 5.0;
				TARGETED_DEVICE_FAMILY = "1,2";
			};
			name = Debug;
		};
		4B5DB555298598BF00104E9A /* Release */ = {
			isa = XCBuildConfiguration;
			buildSettings = {
				ASSETCATALOG_COMPILER_APPICON_NAME = AppIcon;
				ASSETCATALOG_COMPILER_GLOBAL_ACCENT_COLOR_NAME = AccentColor;
				CODE_SIGN_STYLE = Automatic;
				CURRENT_PROJECT_VERSION = 1;
				DEVELOPMENT_TEAM = UEQ95NQCUE;
				GENERATE_INFOPLIST_FILE = YES;
				INFOPLIST_FILE = IncreaseAppPerformanceWithCaching/Info.plist;
				INFOPLIST_KEY_UIApplicationSupportsIndirectInputEvents = YES;
				INFOPLIST_KEY_UILaunchStoryboardName = LaunchScreen;
				INFOPLIST_KEY_UIMainStoryboardFile = Main;
				INFOPLIST_KEY_UISupportedInterfaceOrientations_iPad = "UIInterfaceOrientationPortrait UIInterfaceOrientationPortraitUpsideDown UIInterfaceOrientationLandscapeLeft UIInterfaceOrientationLandscapeRight";
				INFOPLIST_KEY_UISupportedInterfaceOrientations_iPhone = "UIInterfaceOrientationPortrait UIInterfaceOrientationLandscapeLeft UIInterfaceOrientationLandscapeRight";
				LD_RUNPATH_SEARCH_PATHS = (
					"$(inherited)",
					"@executable_path/Frameworks",
				);
				MARKETING_VERSION = 1.0;
				PRODUCT_BUNDLE_IDENTIFIER = com.gopal.dev.IncreaseAppPerformanceWithCaching;
				PRODUCT_NAME = "$(TARGET_NAME)";
				SWIFT_EMIT_LOC_STRINGS = YES;
				SWIFT_VERSION = 5.0;
				TARGETED_DEVICE_FAMILY = "1,2";
			};
			name = Release;
		};
		4B5DB557298598BF00104E9A /* Debug */ = {
			isa = XCBuildConfiguration;
			buildSettings = {
				ALWAYS_EMBED_SWIFT_STANDARD_LIBRARIES = YES;
				BUNDLE_LOADER = "$(TEST_HOST)";
				CODE_SIGN_STYLE = Automatic;
				CURRENT_PROJECT_VERSION = 1;
				DEVELOPMENT_TEAM = UEQ95NQCUE;
				GENERATE_INFOPLIST_FILE = YES;
				IPHONEOS_DEPLOYMENT_TARGET = 16.2;
				MARKETING_VERSION = 1.0;
				PRODUCT_BUNDLE_IDENTIFIER = com.gopal.dev.IncreaseAppPerformanceWithCachingTests;
				PRODUCT_NAME = "$(TARGET_NAME)";
				SWIFT_EMIT_LOC_STRINGS = NO;
				SWIFT_VERSION = 5.0;
				TARGETED_DEVICE_FAMILY = "1,2";
				TEST_HOST = "$(BUILT_PRODUCTS_DIR)/IncreaseAppPerformanceWithCaching.app/$(BUNDLE_EXECUTABLE_FOLDER_PATH)/IncreaseAppPerformanceWithCaching";
			};
			name = Debug;
		};
		4B5DB558298598BF00104E9A /* Release */ = {
			isa = XCBuildConfiguration;
			buildSettings = {
				ALWAYS_EMBED_SWIFT_STANDARD_LIBRARIES = YES;
				BUNDLE_LOADER = "$(TEST_HOST)";
				CODE_SIGN_STYLE = Automatic;
				CURRENT_PROJECT_VERSION = 1;
				DEVELOPMENT_TEAM = UEQ95NQCUE;
				GENERATE_INFOPLIST_FILE = YES;
				IPHONEOS_DEPLOYMENT_TARGET = 16.2;
				MARKETING_VERSION = 1.0;
				PRODUCT_BUNDLE_IDENTIFIER = com.gopal.dev.IncreaseAppPerformanceWithCachingTests;
				PRODUCT_NAME = "$(TARGET_NAME)";
				SWIFT_EMIT_LOC_STRINGS = NO;
				SWIFT_VERSION = 5.0;
				TARGETED_DEVICE_FAMILY = "1,2";
				TEST_HOST = "$(BUILT_PRODUCTS_DIR)/IncreaseAppPerformanceWithCaching.app/$(BUNDLE_EXECUTABLE_FOLDER_PATH)/IncreaseAppPerformanceWithCaching";
			};
			name = Release;
		};
		4B5DB55A298598BF00104E9A /* Debug */ = {
			isa = XCBuildConfiguration;
			buildSettings = {
				ALWAYS_EMBED_SWIFT_STANDARD_LIBRARIES = YES;
				CODE_SIGN_STYLE = Automatic;
				CURRENT_PROJECT_VERSION = 1;
				DEVELOPMENT_TEAM = UEQ95NQCUE;
				GENERATE_INFOPLIST_FILE = YES;
				MARKETING_VERSION = 1.0;
				PRODUCT_BUNDLE_IDENTIFIER = com.gopal.dev.IncreaseAppPerformanceWithCachingUITests;
				PRODUCT_NAME = "$(TARGET_NAME)";
				SWIFT_EMIT_LOC_STRINGS = NO;
				SWIFT_VERSION = 5.0;
				TARGETED_DEVICE_FAMILY = "1,2";
				TEST_TARGET_NAME = IncreaseAppPerformanceWithCaching;
			};
			name = Debug;
		};
		4B5DB55B298598BF00104E9A /* Release */ = {
			isa = XCBuildConfiguration;
			buildSettings = {
				ALWAYS_EMBED_SWIFT_STANDARD_LIBRARIES = YES;
				CODE_SIGN_STYLE = Automatic;
				CURRENT_PROJECT_VERSION = 1;
				DEVELOPMENT_TEAM = UEQ95NQCUE;
				GENERATE_INFOPLIST_FILE = YES;
				MARKETING_VERSION = 1.0;
				PRODUCT_BUNDLE_IDENTIFIER = com.gopal.dev.IncreaseAppPerformanceWithCachingUITests;
				PRODUCT_NAME = "$(TARGET_NAME)";
				SWIFT_EMIT_LOC_STRINGS = NO;
				SWIFT_VERSION = 5.0;
				TARGETED_DEVICE_FAMILY = "1,2";
				TEST_TARGET_NAME = IncreaseAppPerformanceWithCaching;
			};
			name = Release;
		};
/* End XCBuildConfiguration section */

/* Begin XCConfigurationList section */
		4B5DB524298598BE00104E9A /* Build configuration list for PBXProject "IncreaseAppPerformanceWithCaching" */ = {
			isa = XCConfigurationList;
			buildConfigurations = (
				4B5DB551298598BF00104E9A /* Debug */,
				4B5DB552298598BF00104E9A /* Release */,
			);
			defaultConfigurationIsVisible = 0;
			defaultConfigurationName = Release;
		};
		4B5DB553298598BF00104E9A /* Build configuration list for PBXNativeTarget "IncreaseAppPerformanceWithCaching" */ = {
			isa = XCConfigurationList;
			buildConfigurations = (
				4B5DB554298598BF00104E9A /* Debug */,
				4B5DB555298598BF00104E9A /* Release */,
			);
			defaultConfigurationIsVisible = 0;
			defaultConfigurationName = Release;
		};
		4B5DB556298598BF00104E9A /* Build configuration list for PBXNativeTarget "IncreaseAppPerformanceWithCachingTests" */ = {
			isa = XCConfigurationList;
			buildConfigurations = (
				4B5DB557298598BF00104E9A /* Debug */,
				4B5DB558298598BF00104E9A /* Release */,
			);
			defaultConfigurationIsVisible = 0;
			defaultConfigurationName = Release;
		};
		4B5DB559298598BF00104E9A /* Build configuration list for PBXNativeTarget "IncreaseAppPerformanceWithCachingUITests" */ = {
			isa = XCConfigurationList;
			buildConfigurations = (
				4B5DB55A298598BF00104E9A /* Debug */,
				4B5DB55B298598BF00104E9A /* Release */,
			);
			defaultConfigurationIsVisible = 0;
			defaultConfigurationName = Release;
		};
/* End XCConfigurationList section */
	};
	rootObject = 4B5DB521298598BE00104E9A /* Project object */;
}
